
Microsoft Visual Studio Solution File, Format Version 12.00
# Visual Studio Version 17
VisualStudioVersion = 17.2.32505.173
MinimumVisualStudioVersion = 10.0.40219.1
Project("{FAE04EC0-301F-11D3-BF4B-00C04F79EFBC}") = "Assembly-CSharp", "Assembly-CSharp.csproj", "{79F99774-1F8E-5C43-0596-7FB996C7087B}"
EndProject
Project("{FAE04EC0-301F-11D3-BF4B-00C04F79EFBC}") = "SimpleFileBrowser.Runtime", "SimpleFileBrowser.Runtime.csproj", "{F011555D-D38E-9094-E5C3-20F45C0BDD2F}"
EndProject
Project("{2150E333-8FDC-42A3-9474-1A3956D46DE8}") = "Solution Items", "Solution Items", "{B5FC9007-7898-4AD0-AE0F-2FD4F140893C}"
	ProjectSection(SolutionItems) = preProject
		.editorconfig = .editorconfig
	EndProjectSection
EndProject
Global
	GlobalSection(SolutionConfigurationPlatforms) = preSolution
		Debug|Any CPU = Debug|Any CPU
		Release|Any CPU = Release|Any CPU
	EndGlobalSection
	GlobalSection(ProjectConfigurationPlatforms) = postSolution
		{79F99774-1F8E-5C43-0596-7FB996C7087B}.Debug|Any CPU.ActiveCfg = Debug|Any CPU
		{79F99774-1F8E-5C43-0596-7FB996C7087B}.Debug|Any CPU.Build.0 = Debug|Any CPU
		{79F99774-1F8E-5C43-0596-7FB996C7087B}.Release|Any CPU.ActiveCfg = Release|Any CPU
		{79F99774-1F8E-5C43-0596-7FB996C7087B}.Release|Any CPU.Build.0 = Release|Any CPU
		{F011555D-D38E-9094-E5C3-20F45C0BDD2F}.Debug|Any CPU.ActiveCfg = Debug|Any CPU
		{F011555D-D38E-9094-E5C3-20F45C0BDD2F}.Debug|Any CPU.Build.0 = Debug|Any CPU
		{F011555D-D38E-9094-E5C3-20F45C0BDD2F}.Release|Any CPU.ActiveCfg = Release|Any CPU
		{F011555D-D38E-9094-E5C3-20F45C0BDD2F}.Release|Any CPU.Build.0 = Release|Any CPU
	EndGlobalSection
	GlobalSection(SolutionProperties) = preSolution
		HideSolutionNode = FALSE
	EndGlobalSection
	GlobalSection(ExtensibilityGlobals) = postSolution
		SolutionGuid = {9C0B6DDC-9B0F-4F93-97FA-C32CD5DDBFA6}
	EndGlobalSection
EndGlobal
